
Microsoft Visual Studio Solution File, Format Version 12.00
# Visual Studio 2012
Project("{FAE04EC0-301F-11D3-BF4B-00C04F79EFBC}") = "For and Foreach Loop", "For and Foreach Loop\For and Foreach Loop.csproj", "{D22E4AB2-F711-43C6-AD97-3CC44C0A3E0B}"
EndProject
Global
	GlobalSection(SolutionConfigurationPlatforms) = preSolution
		Debug|Any CPU = Debug|Any CPU
		Release|Any CPU = Release|Any CPU
	EndGlobalSection
	GlobalSection(ProjectConfigurationPlatforms) = postSolution
		{D22E4AB2-F711-43C6-AD97-3CC44C0A3E0B}.Debug|Any CPU.ActiveCfg = Debug|Any CPU
		{D22E4AB2-F711-43C6-AD97-3CC44C0A3E0B}.Debug|Any CPU.Build.0 = Debug|Any CPU
		{D22E4AB2-F711-43C6-AD97-3CC44C0A3E0B}.Release|Any CPU.ActiveCfg = Release|Any CPU
		{D22E4AB2-F711-43C6-AD97-3CC44C0A3E0B}.Release|Any CPU.Build.0 = Release|Any CPU
	EndGlobalSection
	GlobalSection(SolutionProperties) = preSolution
		HideSolutionNode = FALSE
	EndGlobalSection
EndGlobal
