
Microsoft Visual Studio Solution File, Format Version 12.00
# Visual Studio 2012
Project("{FAE04EC0-301F-11D3-BF4B-00C04F79EFBC}") = "Throwing Exceptions", "Throwing Exceptions\Throwing Exceptions.csproj", "{BBB81C29-F741-4931-B884-70E1FDAAC523}"
EndProject
Global
	GlobalSection(SolutionConfigurationPlatforms) = preSolution
		Debug|Any CPU = Debug|Any CPU
		Release|Any CPU = Release|Any CPU
	EndGlobalSection
	GlobalSection(ProjectConfigurationPlatforms) = postSolution
		{BBB81C29-F741-4931-B884-70E1FDAAC523}.Debug|Any CPU.ActiveCfg = Debug|Any CPU
		{BBB81C29-F741-4931-B884-70E1FDAAC523}.Debug|Any CPU.Build.0 = Debug|Any CPU
		{BBB81C29-F741-4931-B884-70E1FDAAC523}.Release|Any CPU.ActiveCfg = Release|Any CPU
		{BBB81C29-F741-4931-B884-70E1FDAAC523}.Release|Any CPU.Build.0 = Release|Any CPU
	EndGlobalSection
	GlobalSection(SolutionProperties) = preSolution
		HideSolutionNode = FALSE
	EndGlobalSection
EndGlobal
