
Microsoft Visual Studio Solution File, Format Version 12.00
# Visual Studio 2013
VisualStudioVersion = 12.0.30324.0
MinimumVisualStudioVersion = 10.0.40219.1
Project("{FAE04EC0-301F-11D3-BF4B-00C04F79EFBC}") = "Drawing Shapes", "Drawing Shapes\Drawing Shapes.csproj", "{E0C0EF95-AAB0-4041-A184-A3BFEE6D02DD}"
EndProject
Project("{FAE04EC0-301F-11D3-BF4B-00C04F79EFBC}") = "Drawing with Pen", "Drawing with Pen\Drawing with Pen.csproj", "{985CBA6F-F6CF-43EA-8E8A-6D19F710586C}"
EndProject
Project("{FAE04EC0-301F-11D3-BF4B-00C04F79EFBC}") = "Drawing Strings Text", "Drawing Strings Text\Drawing Strings Text.csproj", "{C3845077-0081-463D-95F9-1B8268CBFDEA}"
EndProject
Project("{FAE04EC0-301F-11D3-BF4B-00C04F79EFBC}") = "Drawing LinearGradientBrush", "Drawing LinearGradientBrush\Drawing LinearGradientBrush.csproj", "{E4C6E41A-53F6-4D20-84D0-8776598BEB03}"
EndProject
Project("{FAE04EC0-301F-11D3-BF4B-00C04F79EFBC}") = "Multi Colors LinearGradientBrush", "Multi Colors LinearGradientBrush\Multi Colors LinearGradientBrush.csproj", "{61426671-3056-4A18-9DF8-3F4284E62EAD}"
EndProject
Project("{2150E333-8FDC-42A3-9474-1A3956D46DE8}") = "Snippets", "Snippets", "{6D8487F6-F4C7-4EB8-B14B-A9025B958DBD}"
EndProject
Project("{FAE04EC0-301F-11D3-BF4B-00C04F79EFBC}") = "Paint Projet 2", "Paint Projet 2\Paint Projet 2.csproj", "{0DEB3D09-8046-4622-9964-7105B3E76CF2}"
EndProject
Project("{2150E333-8FDC-42A3-9474-1A3956D46DE8}") = "Graphics", "Graphics", "{CC405489-55CE-4DF4-8AB7-867C1105F3DA}"
EndProject
Project("{2150E333-8FDC-42A3-9474-1A3956D46DE8}") = "Controls", "Controls", "{83807F9F-59E1-4050-8477-F2D9A3BFB362}"
EndProject
Project("{FAE04EC0-301F-11D3-BF4B-00C04F79EFBC}") = "Making Controls", "Making Controls\Making Controls.csproj", "{A81AC0B3-9B2C-4F58-8951-25B5EE680253}"
EndProject
Project("{FAE04EC0-301F-11D3-BF4B-00C04F79EFBC}") = "Splash Screen", "Splash Screen\Splash Screen.csproj", "{EEC25D3F-8EBD-40FA-B210-AE32251F5130}"
EndProject
Project("{FAE04EC0-301F-11D3-BF4B-00C04F79EFBC}") = "Making DLL", "Making DLL\Making DLL.csproj", "{CCCC73BE-EAF9-4A80-B2FF-6A4D774FA597}"
EndProject
Project("{FAE04EC0-301F-11D3-BF4B-00C04F79EFBC}") = "Capturing Screen", "Capturing Screen\Capturing Screen.csproj", "{20D488A2-C5F7-4670-9FDE-576C8E0BA3D9}"
EndProject
Project("{FAE04EC0-301F-11D3-BF4B-00C04F79EFBC}") = "Keyboard Shortcuts", "Keyboard Shortcuts\Keyboard Shortcuts.csproj", "{9A00F0E2-5BE8-48D7-B43D-432E0EE5E8B3}"
EndProject
Project("{FAE04EC0-301F-11D3-BF4B-00C04F79EFBC}") = "Overloading Operators", "Overloading Operators\Overloading Operators.csproj", "{52AF5A07-9C0C-4830-B292-306AACEEA07F}"
EndProject
Project("{FAE04EC0-301F-11D3-BF4B-00C04F79EFBC}") = "Converson Operators", "Converson Operators\Converson Operators.csproj", "{81BB1C0B-1E3C-43AA-B3B1-0FCD65CDDA73}"
EndProject
Project("{2150E333-8FDC-42A3-9474-1A3956D46DE8}") = "Hangman Game", "Hangman Game", "{B87B6E53-5547-4FFD-A5DC-4BEDF296A7AA}"
EndProject
Project("{FAE04EC0-301F-11D3-BF4B-00C04F79EFBC}") = "Hangman", "Hangman\Hangman.csproj", "{00E952AC-2C41-4F77-BC6C-A83F3D3B251C}"
EndProject
Project("{FAE04EC0-301F-11D3-BF4B-00C04F79EFBC}") = "Testing Graphs", "Testing Graphs\Testing Graphs.csproj", "{37D640EB-B30F-4494-9741-529428466EBD}"
EndProject
Project("{FAE04EC0-301F-11D3-BF4B-00C04F79EFBC}") = "Address Book", "Address Book\Address Book.csproj", "{09F2748B-E5F5-491A-AC6A-007420A5C38D}"
EndProject
Global
	GlobalSection(SolutionConfigurationPlatforms) = preSolution
		Debug|Any CPU = Debug|Any CPU
		Release|Any CPU = Release|Any CPU
	EndGlobalSection
	GlobalSection(ProjectConfigurationPlatforms) = postSolution
		{E0C0EF95-AAB0-4041-A184-A3BFEE6D02DD}.Debug|Any CPU.ActiveCfg = Debug|Any CPU
		{E0C0EF95-AAB0-4041-A184-A3BFEE6D02DD}.Debug|Any CPU.Build.0 = Debug|Any CPU
		{E0C0EF95-AAB0-4041-A184-A3BFEE6D02DD}.Release|Any CPU.ActiveCfg = Release|Any CPU
		{E0C0EF95-AAB0-4041-A184-A3BFEE6D02DD}.Release|Any CPU.Build.0 = Release|Any CPU
		{985CBA6F-F6CF-43EA-8E8A-6D19F710586C}.Debug|Any CPU.ActiveCfg = Debug|Any CPU
		{985CBA6F-F6CF-43EA-8E8A-6D19F710586C}.Debug|Any CPU.Build.0 = Debug|Any CPU
		{985CBA6F-F6CF-43EA-8E8A-6D19F710586C}.Release|Any CPU.ActiveCfg = Release|Any CPU
		{985CBA6F-F6CF-43EA-8E8A-6D19F710586C}.Release|Any CPU.Build.0 = Release|Any CPU
		{C3845077-0081-463D-95F9-1B8268CBFDEA}.Debug|Any CPU.ActiveCfg = Debug|Any CPU
		{C3845077-0081-463D-95F9-1B8268CBFDEA}.Debug|Any CPU.Build.0 = Debug|Any CPU
		{C3845077-0081-463D-95F9-1B8268CBFDEA}.Release|Any CPU.ActiveCfg = Release|Any CPU
		{C3845077-0081-463D-95F9-1B8268CBFDEA}.Release|Any CPU.Build.0 = Release|Any CPU
		{E4C6E41A-53F6-4D20-84D0-8776598BEB03}.Debug|Any CPU.ActiveCfg = Debug|Any CPU
		{E4C6E41A-53F6-4D20-84D0-8776598BEB03}.Debug|Any CPU.Build.0 = Debug|Any CPU
		{E4C6E41A-53F6-4D20-84D0-8776598BEB03}.Release|Any CPU.ActiveCfg = Release|Any CPU
		{E4C6E41A-53F6-4D20-84D0-8776598BEB03}.Release|Any CPU.Build.0 = Release|Any CPU
		{61426671-3056-4A18-9DF8-3F4284E62EAD}.Debug|Any CPU.ActiveCfg = Debug|Any CPU
		{61426671-3056-4A18-9DF8-3F4284E62EAD}.Debug|Any CPU.Build.0 = Debug|Any CPU
		{61426671-3056-4A18-9DF8-3F4284E62EAD}.Release|Any CPU.ActiveCfg = Release|Any CPU
		{61426671-3056-4A18-9DF8-3F4284E62EAD}.Release|Any CPU.Build.0 = Release|Any CPU
		{0DEB3D09-8046-4622-9964-7105B3E76CF2}.Debug|Any CPU.ActiveCfg = Debug|Any CPU
		{0DEB3D09-8046-4622-9964-7105B3E76CF2}.Debug|Any CPU.Build.0 = Debug|Any CPU
		{0DEB3D09-8046-4622-9964-7105B3E76CF2}.Release|Any CPU.ActiveCfg = Release|Any CPU
		{0DEB3D09-8046-4622-9964-7105B3E76CF2}.Release|Any CPU.Build.0 = Release|Any CPU
		{A81AC0B3-9B2C-4F58-8951-25B5EE680253}.Debug|Any CPU.ActiveCfg = Debug|Any CPU
		{A81AC0B3-9B2C-4F58-8951-25B5EE680253}.Debug|Any CPU.Build.0 = Debug|Any CPU
		{A81AC0B3-9B2C-4F58-8951-25B5EE680253}.Release|Any CPU.ActiveCfg = Release|Any CPU
		{A81AC0B3-9B2C-4F58-8951-25B5EE680253}.Release|Any CPU.Build.0 = Release|Any CPU
		{EEC25D3F-8EBD-40FA-B210-AE32251F5130}.Debug|Any CPU.ActiveCfg = Debug|Any CPU
		{EEC25D3F-8EBD-40FA-B210-AE32251F5130}.Debug|Any CPU.Build.0 = Debug|Any CPU
		{EEC25D3F-8EBD-40FA-B210-AE32251F5130}.Release|Any CPU.ActiveCfg = Release|Any CPU
		{EEC25D3F-8EBD-40FA-B210-AE32251F5130}.Release|Any CPU.Build.0 = Release|Any CPU
		{CCCC73BE-EAF9-4A80-B2FF-6A4D774FA597}.Debug|Any CPU.ActiveCfg = Debug|Any CPU
		{CCCC73BE-EAF9-4A80-B2FF-6A4D774FA597}.Debug|Any CPU.Build.0 = Debug|Any CPU
		{CCCC73BE-EAF9-4A80-B2FF-6A4D774FA597}.Release|Any CPU.ActiveCfg = Release|Any CPU
		{CCCC73BE-EAF9-4A80-B2FF-6A4D774FA597}.Release|Any CPU.Build.0 = Release|Any CPU
		{20D488A2-C5F7-4670-9FDE-576C8E0BA3D9}.Debug|Any CPU.ActiveCfg = Debug|Any CPU
		{20D488A2-C5F7-4670-9FDE-576C8E0BA3D9}.Debug|Any CPU.Build.0 = Debug|Any CPU
		{20D488A2-C5F7-4670-9FDE-576C8E0BA3D9}.Release|Any CPU.ActiveCfg = Release|Any CPU
		{20D488A2-C5F7-4670-9FDE-576C8E0BA3D9}.Release|Any CPU.Build.0 = Release|Any CPU
		{9A00F0E2-5BE8-48D7-B43D-432E0EE5E8B3}.Debug|Any CPU.ActiveCfg = Debug|Any CPU
		{9A00F0E2-5BE8-48D7-B43D-432E0EE5E8B3}.Debug|Any CPU.Build.0 = Debug|Any CPU
		{9A00F0E2-5BE8-48D7-B43D-432E0EE5E8B3}.Release|Any CPU.ActiveCfg = Release|Any CPU
		{9A00F0E2-5BE8-48D7-B43D-432E0EE5E8B3}.Release|Any CPU.Build.0 = Release|Any CPU
		{52AF5A07-9C0C-4830-B292-306AACEEA07F}.Debug|Any CPU.ActiveCfg = Debug|Any CPU
		{52AF5A07-9C0C-4830-B292-306AACEEA07F}.Debug|Any CPU.Build.0 = Debug|Any CPU
		{52AF5A07-9C0C-4830-B292-306AACEEA07F}.Release|Any CPU.ActiveCfg = Release|Any CPU
		{52AF5A07-9C0C-4830-B292-306AACEEA07F}.Release|Any CPU.Build.0 = Release|Any CPU
		{81BB1C0B-1E3C-43AA-B3B1-0FCD65CDDA73}.Debug|Any CPU.ActiveCfg = Debug|Any CPU
		{81BB1C0B-1E3C-43AA-B3B1-0FCD65CDDA73}.Debug|Any CPU.Build.0 = Debug|Any CPU
		{81BB1C0B-1E3C-43AA-B3B1-0FCD65CDDA73}.Release|Any CPU.ActiveCfg = Release|Any CPU
		{81BB1C0B-1E3C-43AA-B3B1-0FCD65CDDA73}.Release|Any CPU.Build.0 = Release|Any CPU
		{00E952AC-2C41-4F77-BC6C-A83F3D3B251C}.Debug|Any CPU.ActiveCfg = Debug|Any CPU
		{00E952AC-2C41-4F77-BC6C-A83F3D3B251C}.Debug|Any CPU.Build.0 = Debug|Any CPU
		{00E952AC-2C41-4F77-BC6C-A83F3D3B251C}.Release|Any CPU.ActiveCfg = Release|Any CPU
		{00E952AC-2C41-4F77-BC6C-A83F3D3B251C}.Release|Any CPU.Build.0 = Release|Any CPU
		{37D640EB-B30F-4494-9741-529428466EBD}.Debug|Any CPU.ActiveCfg = Debug|Any CPU
		{37D640EB-B30F-4494-9741-529428466EBD}.Debug|Any CPU.Build.0 = Debug|Any CPU
		{37D640EB-B30F-4494-9741-529428466EBD}.Release|Any CPU.ActiveCfg = Release|Any CPU
		{37D640EB-B30F-4494-9741-529428466EBD}.Release|Any CPU.Build.0 = Release|Any CPU
		{09F2748B-E5F5-491A-AC6A-007420A5C38D}.Debug|Any CPU.ActiveCfg = Debug|Any CPU
		{09F2748B-E5F5-491A-AC6A-007420A5C38D}.Debug|Any CPU.Build.0 = Debug|Any CPU
		{09F2748B-E5F5-491A-AC6A-007420A5C38D}.Release|Any CPU.ActiveCfg = Release|Any CPU
		{09F2748B-E5F5-491A-AC6A-007420A5C38D}.Release|Any CPU.Build.0 = Release|Any CPU
	EndGlobalSection
	GlobalSection(SolutionProperties) = preSolution
		HideSolutionNode = FALSE
	EndGlobalSection
	GlobalSection(NestedProjects) = preSolution
		{E0C0EF95-AAB0-4041-A184-A3BFEE6D02DD} = {CC405489-55CE-4DF4-8AB7-867C1105F3DA}
		{985CBA6F-F6CF-43EA-8E8A-6D19F710586C} = {CC405489-55CE-4DF4-8AB7-867C1105F3DA}
		{C3845077-0081-463D-95F9-1B8268CBFDEA} = {CC405489-55CE-4DF4-8AB7-867C1105F3DA}
		{E4C6E41A-53F6-4D20-84D0-8776598BEB03} = {CC405489-55CE-4DF4-8AB7-867C1105F3DA}
		{61426671-3056-4A18-9DF8-3F4284E62EAD} = {CC405489-55CE-4DF4-8AB7-867C1105F3DA}
		{6D8487F6-F4C7-4EB8-B14B-A9025B958DBD} = {CC405489-55CE-4DF4-8AB7-867C1105F3DA}
		{0DEB3D09-8046-4622-9964-7105B3E76CF2} = {CC405489-55CE-4DF4-8AB7-867C1105F3DA}
		{A81AC0B3-9B2C-4F58-8951-25B5EE680253} = {83807F9F-59E1-4050-8477-F2D9A3BFB362}
		{9A00F0E2-5BE8-48D7-B43D-432E0EE5E8B3} = {83807F9F-59E1-4050-8477-F2D9A3BFB362}
		{00E952AC-2C41-4F77-BC6C-A83F3D3B251C} = {B87B6E53-5547-4FFD-A5DC-4BEDF296A7AA}
	EndGlobalSection
EndGlobal
