
Microsoft Visual Studio Solution File, Format Version 12.00
# Visual Studio 2013
VisualStudioVersion = 12.0.21005.1
MinimumVisualStudioVersion = 10.0.40219.1
Project("{FAE04EC0-301F-11D3-BF4B-00C04F79EFBC}") = "WebClient Status p1", "WebClient Status p1\WebClient Status p1.csproj", "{37C08F22-0BDA-4504-AEF5-C13365D487EB}"
EndProject
Project("{FAE04EC0-301F-11D3-BF4B-00C04F79EFBC}") = "WebClient DownloadFile", "WebClient DownloadFile\WebClient DownloadFile.csproj", "{3C1AE245-112F-42A9-9C19-676F04105DAA}"
EndProject
Global
	GlobalSection(SolutionConfigurationPlatforms) = preSolution
		Debug|Any CPU = Debug|Any CPU
		Release|Any CPU = Release|Any CPU
	EndGlobalSection
	GlobalSection(ProjectConfigurationPlatforms) = postSolution
		{37C08F22-0BDA-4504-AEF5-C13365D487EB}.Debug|Any CPU.ActiveCfg = Debug|Any CPU
		{37C08F22-0BDA-4504-AEF5-C13365D487EB}.Debug|Any CPU.Build.0 = Debug|Any CPU
		{37C08F22-0BDA-4504-AEF5-C13365D487EB}.Release|Any CPU.ActiveCfg = Release|Any CPU
		{37C08F22-0BDA-4504-AEF5-C13365D487EB}.Release|Any CPU.Build.0 = Release|Any CPU
		{3C1AE245-112F-42A9-9C19-676F04105DAA}.Debug|Any CPU.ActiveCfg = Debug|Any CPU
		{3C1AE245-112F-42A9-9C19-676F04105DAA}.Debug|Any CPU.Build.0 = Debug|Any CPU
		{3C1AE245-112F-42A9-9C19-676F04105DAA}.Release|Any CPU.ActiveCfg = Release|Any CPU
		{3C1AE245-112F-42A9-9C19-676F04105DAA}.Release|Any CPU.Build.0 = Release|Any CPU
	EndGlobalSection
	GlobalSection(SolutionProperties) = preSolution
		HideSolutionNode = FALSE
	EndGlobalSection
EndGlobal
