
Microsoft Visual Studio Solution File, Format Version 12.00
# Visual Studio 2012
Project("{FAE04EC0-301F-11D3-BF4B-00C04F79EFBC}") = "SaveFileDialog", "SaveFileDialog\SaveFileDialog.csproj", "{6ECD6ED3-9E0A-4EE5-A427-B14E5424CC29}"
EndProject
Global
	GlobalSection(SolutionConfigurationPlatforms) = preSolution
		Debug|Any CPU = Debug|Any CPU
		Release|Any CPU = Release|Any CPU
	EndGlobalSection
	GlobalSection(ProjectConfigurationPlatforms) = postSolution
		{6ECD6ED3-9E0A-4EE5-A427-B14E5424CC29}.Debug|Any CPU.ActiveCfg = Debug|Any CPU
		{6ECD6ED3-9E0A-4EE5-A427-B14E5424CC29}.Debug|Any CPU.Build.0 = Debug|Any CPU
		{6ECD6ED3-9E0A-4EE5-A427-B14E5424CC29}.Release|Any CPU.ActiveCfg = Release|Any CPU
		{6ECD6ED3-9E0A-4EE5-A427-B14E5424CC29}.Release|Any CPU.Build.0 = Release|Any CPU
	EndGlobalSection
	GlobalSection(SolutionProperties) = preSolution
		HideSolutionNode = FALSE
	EndGlobalSection
EndGlobal
