
Microsoft Visual Studio Solution File, Format Version 12.00
# Visual Studio 2012
Project("{FAE04EC0-301F-11D3-BF4B-00C04F79EFBC}") = "DateTimePicker", "DateTimePicker\DateTimePicker.csproj", "{FAEDA01A-634C-428F-818E-CFAA34D4AD76}"
EndProject
Project("{FAE04EC0-301F-11D3-BF4B-00C04F79EFBC}") = "DateTimePickerStruct", "DateTimePickerStruct\DateTimePickerStruct.csproj", "{BD440E25-51AF-449B-92B3-A44CD9CF8AD8}"
EndProject
Global
	GlobalSection(SolutionConfigurationPlatforms) = preSolution
		Debug|Any CPU = Debug|Any CPU
		Release|Any CPU = Release|Any CPU
	EndGlobalSection
	GlobalSection(ProjectConfigurationPlatforms) = postSolution
		{FAEDA01A-634C-428F-818E-CFAA34D4AD76}.Debug|Any CPU.ActiveCfg = Debug|Any CPU
		{FAEDA01A-634C-428F-818E-CFAA34D4AD76}.Debug|Any CPU.Build.0 = Debug|Any CPU
		{FAEDA01A-634C-428F-818E-CFAA34D4AD76}.Release|Any CPU.ActiveCfg = Release|Any CPU
		{FAEDA01A-634C-428F-818E-CFAA34D4AD76}.Release|Any CPU.Build.0 = Release|Any CPU
		{BD440E25-51AF-449B-92B3-A44CD9CF8AD8}.Debug|Any CPU.ActiveCfg = Debug|Any CPU
		{BD440E25-51AF-449B-92B3-A44CD9CF8AD8}.Debug|Any CPU.Build.0 = Debug|Any CPU
		{BD440E25-51AF-449B-92B3-A44CD9CF8AD8}.Release|Any CPU.ActiveCfg = Release|Any CPU
		{BD440E25-51AF-449B-92B3-A44CD9CF8AD8}.Release|Any CPU.Build.0 = Release|Any CPU
	EndGlobalSection
	GlobalSection(SolutionProperties) = preSolution
		HideSolutionNode = FALSE
	EndGlobalSection
EndGlobal
