
Microsoft Visual Studio Solution File, Format Version 12.00
# Visual Studio 2012
Project("{FAE04EC0-301F-11D3-BF4B-00C04F79EFBC}") = "Settings", "Settings\Settings.csproj", "{69827B70-6CB8-4BDD-97F3-D157C59BCC82}"
EndProject
Global
	GlobalSection(SolutionConfigurationPlatforms) = preSolution
		Debug|Any CPU = Debug|Any CPU
		Release|Any CPU = Release|Any CPU
	EndGlobalSection
	GlobalSection(ProjectConfigurationPlatforms) = postSolution
		{69827B70-6CB8-4BDD-97F3-D157C59BCC82}.Debug|Any CPU.ActiveCfg = Debug|Any CPU
		{69827B70-6CB8-4BDD-97F3-D157C59BCC82}.Debug|Any CPU.Build.0 = Debug|Any CPU
		{69827B70-6CB8-4BDD-97F3-D157C59BCC82}.Release|Any CPU.ActiveCfg = Release|Any CPU
		{69827B70-6CB8-4BDD-97F3-D157C59BCC82}.Release|Any CPU.Build.0 = Release|Any CPU
	EndGlobalSection
	GlobalSection(SolutionProperties) = preSolution
		HideSolutionNode = FALSE
	EndGlobalSection
EndGlobal
