
Microsoft Visual Studio Solution File, Format Version 12.00
# Visual Studio 2012
Project("{FAE04EC0-301F-11D3-BF4B-00C04F79EFBC}") = "Font Dialog", "Font Dialog\Font Dialog.csproj", "{4DC24C21-AC81-4CDA-9D17-EB50BC6C5023}"
EndProject
Global
	GlobalSection(SolutionConfigurationPlatforms) = preSolution
		Debug|Any CPU = Debug|Any CPU
		Release|Any CPU = Release|Any CPU
	EndGlobalSection
	GlobalSection(ProjectConfigurationPlatforms) = postSolution
		{4DC24C21-AC81-4CDA-9D17-EB50BC6C5023}.Debug|Any CPU.ActiveCfg = Debug|Any CPU
		{4DC24C21-AC81-4CDA-9D17-EB50BC6C5023}.Debug|Any CPU.Build.0 = Debug|Any CPU
		{4DC24C21-AC81-4CDA-9D17-EB50BC6C5023}.Release|Any CPU.ActiveCfg = Release|Any CPU
		{4DC24C21-AC81-4CDA-9D17-EB50BC6C5023}.Release|Any CPU.Build.0 = Release|Any CPU
	EndGlobalSection
	GlobalSection(SolutionProperties) = preSolution
		HideSolutionNode = FALSE
	EndGlobalSection
EndGlobal
