
Microsoft Visual Studio Solution File, Format Version 12.00
# Visual Studio 2012
Project("{FAE04EC0-301F-11D3-BF4B-00C04F79EFBC}") = "Interface MDI", "Interface MDI\Interface MDI.csproj", "{DECBB233-8975-4E87-9981-AE4BC22747BC}"
EndProject
Global
	GlobalSection(SolutionConfigurationPlatforms) = preSolution
		Debug|Any CPU = Debug|Any CPU
		Release|Any CPU = Release|Any CPU
	EndGlobalSection
	GlobalSection(ProjectConfigurationPlatforms) = postSolution
		{DECBB233-8975-4E87-9981-AE4BC22747BC}.Debug|Any CPU.ActiveCfg = Debug|Any CPU
		{DECBB233-8975-4E87-9981-AE4BC22747BC}.Debug|Any CPU.Build.0 = Debug|Any CPU
		{DECBB233-8975-4E87-9981-AE4BC22747BC}.Release|Any CPU.ActiveCfg = Release|Any CPU
		{DECBB233-8975-4E87-9981-AE4BC22747BC}.Release|Any CPU.Build.0 = Release|Any CPU
	EndGlobalSection
	GlobalSection(SolutionProperties) = preSolution
		HideSolutionNode = FALSE
	EndGlobalSection
EndGlobal
