
Microsoft Visual Studio Solution File, Format Version 12.00
# Visual Studio 2012
Project("{FAE04EC0-301F-11D3-BF4B-00C04F79EFBC}") = "Is, As, Casting", "Is, As, Casting\Is, As, Casting.csproj", "{B8DA9944-5D84-4986-90B7-F5102ACE58EE}"
EndProject
Global
	GlobalSection(SolutionConfigurationPlatforms) = preSolution
		Debug|Any CPU = Debug|Any CPU
		Release|Any CPU = Release|Any CPU
	EndGlobalSection
	GlobalSection(ProjectConfigurationPlatforms) = postSolution
		{B8DA9944-5D84-4986-90B7-F5102ACE58EE}.Debug|Any CPU.ActiveCfg = Debug|Any CPU
		{B8DA9944-5D84-4986-90B7-F5102ACE58EE}.Debug|Any CPU.Build.0 = Debug|Any CPU
		{B8DA9944-5D84-4986-90B7-F5102ACE58EE}.Release|Any CPU.ActiveCfg = Release|Any CPU
		{B8DA9944-5D84-4986-90B7-F5102ACE58EE}.Release|Any CPU.Build.0 = Release|Any CPU
	EndGlobalSection
	GlobalSection(SolutionProperties) = preSolution
		HideSolutionNode = FALSE
	EndGlobalSection
EndGlobal
