
Microsoft Visual Studio Solution File, Format Version 12.00
# Visual Studio 2012
Project("{FAE04EC0-301F-11D3-BF4B-00C04F79EFBC}") = "Split and ToCharArray", "Split and ToCharArray\Split and ToCharArray.csproj", "{83FAE1A4-4632-474E-A47A-2770F65D5567}"
EndProject
Global
	GlobalSection(SolutionConfigurationPlatforms) = preSolution
		Debug|Any CPU = Debug|Any CPU
		Release|Any CPU = Release|Any CPU
	EndGlobalSection
	GlobalSection(ProjectConfigurationPlatforms) = postSolution
		{83FAE1A4-4632-474E-A47A-2770F65D5567}.Debug|Any CPU.ActiveCfg = Debug|Any CPU
		{83FAE1A4-4632-474E-A47A-2770F65D5567}.Debug|Any CPU.Build.0 = Debug|Any CPU
		{83FAE1A4-4632-474E-A47A-2770F65D5567}.Release|Any CPU.ActiveCfg = Release|Any CPU
		{83FAE1A4-4632-474E-A47A-2770F65D5567}.Release|Any CPU.Build.0 = Release|Any CPU
	EndGlobalSection
	GlobalSection(SolutionProperties) = preSolution
		HideSolutionNode = FALSE
	EndGlobalSection
EndGlobal
