
Microsoft Visual Studio Solution File, Format Version 12.00
# Visual Studio 2012
Project("{FAE04EC0-301F-11D3-BF4B-00C04F79EFBC}") = "TreeView - Control", "TreeView - Control\TreeView - Control.csproj", "{643F25B2-0C9C-489E-BCCE-4A392AFEAB11}"
EndProject
Project("{FAE04EC0-301F-11D3-BF4B-00C04F79EFBC}") = "TreeView - Control Images", "TreeView - Control Images\TreeView - Control Images.csproj", "{8FEF452B-86BA-4D1A-A1A4-32FC32210F7B}"
EndProject
Global
	GlobalSection(SolutionConfigurationPlatforms) = preSolution
		Debug|Any CPU = Debug|Any CPU
		Release|Any CPU = Release|Any CPU
	EndGlobalSection
	GlobalSection(ProjectConfigurationPlatforms) = postSolution
		{643F25B2-0C9C-489E-BCCE-4A392AFEAB11}.Debug|Any CPU.ActiveCfg = Debug|Any CPU
		{643F25B2-0C9C-489E-BCCE-4A392AFEAB11}.Debug|Any CPU.Build.0 = Debug|Any CPU
		{643F25B2-0C9C-489E-BCCE-4A392AFEAB11}.Release|Any CPU.ActiveCfg = Release|Any CPU
		{643F25B2-0C9C-489E-BCCE-4A392AFEAB11}.Release|Any CPU.Build.0 = Release|Any CPU
		{8FEF452B-86BA-4D1A-A1A4-32FC32210F7B}.Debug|Any CPU.ActiveCfg = Debug|Any CPU
		{8FEF452B-86BA-4D1A-A1A4-32FC32210F7B}.Debug|Any CPU.Build.0 = Debug|Any CPU
		{8FEF452B-86BA-4D1A-A1A4-32FC32210F7B}.Release|Any CPU.ActiveCfg = Release|Any CPU
		{8FEF452B-86BA-4D1A-A1A4-32FC32210F7B}.Release|Any CPU.Build.0 = Release|Any CPU
	EndGlobalSection
	GlobalSection(SolutionProperties) = preSolution
		HideSolutionNode = FALSE
	EndGlobalSection
EndGlobal
