
Microsoft Visual Studio Solution File, Format Version 12.00
# Visual Studio 2012
Project("{FAE04EC0-301F-11D3-BF4B-00C04F79EFBC}") = "Access Modifiers and Static", "Access Modifiers and Static\Access Modifiers and Static.csproj", "{0C6D6D41-8C87-4A1E-81CB-E80CED9B0A27}"
EndProject
Global
	GlobalSection(SolutionConfigurationPlatforms) = preSolution
		Debug|Any CPU = Debug|Any CPU
		Release|Any CPU = Release|Any CPU
	EndGlobalSection
	GlobalSection(ProjectConfigurationPlatforms) = postSolution
		{0C6D6D41-8C87-4A1E-81CB-E80CED9B0A27}.Debug|Any CPU.ActiveCfg = Debug|Any CPU
		{0C6D6D41-8C87-4A1E-81CB-E80CED9B0A27}.Debug|Any CPU.Build.0 = Debug|Any CPU
		{0C6D6D41-8C87-4A1E-81CB-E80CED9B0A27}.Release|Any CPU.ActiveCfg = Release|Any CPU
		{0C6D6D41-8C87-4A1E-81CB-E80CED9B0A27}.Release|Any CPU.Build.0 = Release|Any CPU
	EndGlobalSection
	GlobalSection(SolutionProperties) = preSolution
		HideSolutionNode = FALSE
	EndGlobalSection
EndGlobal
